
Microsoft Visual Studio Solution File, Format Version 12.00
# Visual Studio Version 16
VisualStudioVersion = 16.0.31402.337
MinimumVisualStudioVersion = 10.0.40219.1
Project("{8BC9CEB8-8B4A-11D0-8D11-00A0C91BC942}") = "MPI-Projekt2", "MPI-Projekt2\MPI-Projekt2.vcxproj", "{571F2541-63D5-46BB-84A3-C4697B3A55F2}"
EndProject
Global
	GlobalSection(SolutionConfigurationPlatforms) = preSolution
		Debug|x64 = Debug|x64
		Debug|x86 = Debug|x86
		Release|x64 = Release|x64
		Release|x86 = Release|x86
	EndGlobalSection
	GlobalSection(ProjectConfigurationPlatforms) = postSolution
		{571F2541-63D5-46BB-84A3-C4697B3A55F2}.Debug|x64.ActiveCfg = Debug|x64
		{571F2541-63D5-46BB-84A3-C4697B3A55F2}.Debug|x64.Build.0 = Debug|x64
		{571F2541-63D5-46BB-84A3-C4697B3A55F2}.Debug|x86.ActiveCfg = Debug|Win32
		{571F2541-63D5-46BB-84A3-C4697B3A55F2}.Debug|x86.Build.0 = Debug|Win32
		{571F2541-63D5-46BB-84A3-C4697B3A55F2}.Release|x64.ActiveCfg = Release|x64
		{571F2541-63D5-46BB-84A3-C4697B3A55F2}.Release|x64.Build.0 = Release|x64
		{571F2541-63D5-46BB-84A3-C4697B3A55F2}.Release|x86.ActiveCfg = Release|Win32
		{571F2541-63D5-46BB-84A3-C4697B3A55F2}.Release|x86.Build.0 = Release|Win32
	EndGlobalSection
	GlobalSection(SolutionProperties) = preSolution
		HideSolutionNode = FALSE
	EndGlobalSection
	GlobalSection(ExtensibilityGlobals) = postSolution
		SolutionGuid = {9211AE5B-6643-4DD6-81CA-CE4E88306D97}
	EndGlobalSection
EndGlobal
